
Microsoft Visual Studio Solution File, Format Version 12.00
# Visual Studio Version 16
VisualStudioVersion = 16.0.29728.190
MinimumVisualStudioVersion = 10.0.40219.1
Project("{8BC9CEB8-8B4A-11D0-8D11-00A0C91BC942}") = "client", "client\client.vcxproj", "{73BB66C2-5447-4DA2-8790-E9CE90AF6821}"
EndProject
Global
	GlobalSection(SolutionConfigurationPlatforms) = preSolution
		Debug|x64 = Debug|x64
		Debug|x86 = Debug|x86
		Release|x64 = Release|x64
		Release|x86 = Release|x86
	EndGlobalSection
	GlobalSection(ProjectConfigurationPlatforms) = postSolution
		{73BB66C2-5447-4DA2-8790-E9CE90AF6821}.Debug|x64.ActiveCfg = Debug|x64
		{73BB66C2-5447-4DA2-8790-E9CE90AF6821}.Debug|x64.Build.0 = Debug|x64
		{73BB66C2-5447-4DA2-8790-E9CE90AF6821}.Debug|x86.ActiveCfg = Debug|Win32
		{73BB66C2-5447-4DA2-8790-E9CE90AF6821}.Debug|x86.Build.0 = Debug|Win32
		{73BB66C2-5447-4DA2-8790-E9CE90AF6821}.Release|x64.ActiveCfg = Release|x64
		{73BB66C2-5447-4DA2-8790-E9CE90AF6821}.Release|x64.Build.0 = Release|x64
		{73BB66C2-5447-4DA2-8790-E9CE90AF6821}.Release|x86.ActiveCfg = Release|Win32
		{73BB66C2-5447-4DA2-8790-E9CE90AF6821}.Release|x86.Build.0 = Release|Win32
	EndGlobalSection
	GlobalSection(SolutionProperties) = preSolution
		HideSolutionNode = FALSE
	EndGlobalSection
	GlobalSection(ExtensibilityGlobals) = postSolution
		SolutionGuid = {5032EDB2-BA80-44F5-A9C5-E09C36732671}
	EndGlobalSection
EndGlobal
